// !$*UTF8*$!
{
	archiveVersion = 1;
	classes = {
	};
	objectVersion = 55;
	objects = {

/* Begin PBXBuildFile section */
		A4BA7C8927E45B9400212EC2 /* PickUpApp.swift in Sources */ = {isa = PBXBuildFile; fileRef = A4BA7C8827E45B9400212EC2 /* PickUpApp.swift */; };
		A4BA7C8B27E45B9400212EC2 /* ContentView.swift in Sources */ = {isa = PBXBuildFile; fileRef = A4BA7C8A27E45B9400212EC2 /* ContentView.swift */; };
		A4BA7C8D27E45B9700212EC2 /* Assets.xcassets in Resources */ = {isa = PBXBuildFile; fileRef = A4BA7C8C27E45B9700212EC2 /* Assets.xcassets */; };
		A4BA7C9027E45B9700212EC2 /* Preview Assets.xcassets in Resources */ = {isa = PBXBuildFile; fileRef = A4BA7C8F27E45B9700212EC2 /* Preview Assets.xcassets */; };
		A4BA7C9827E45DE700212EC2 /* LoginView.swift in Sources */ = {isa = PBXBuildFile; fileRef = A4BA7C9727E45DE700212EC2 /* LoginView.swift */; };
		A4BA7C9A27E45E0200212EC2 /* SignupView.swift in Sources */ = {isa = PBXBuildFile; fileRef = A4BA7C9927E45E0200212EC2 /* SignupView.swift */; };
		A4BA7C9D27E45E3400212EC2 /* LeaderboardView.swift in Sources */ = {isa = PBXBuildFile; fileRef = A4BA7C9C27E45E3400212EC2 /* LeaderboardView.swift */; };
		A4BA7C9F27E45E5100212EC2 /* TabNavigationView.swift in Sources */ = {isa = PBXBuildFile; fileRef = A4BA7C9E27E45E5100212EC2 /* TabNavigationView.swift */; };
		A4BA7CA127E45E7500212EC2 /* UserTabView.swift in Sources */ = {isa = PBXBuildFile; fileRef = A4BA7CA027E45E7500212EC2 /* UserTabView.swift */; };
		A4BA7CA427E45EAB00212EC2 /* FindingOpponent.swift in Sources */ = {isa = PBXBuildFile; fileRef = A4BA7CA327E45EAB00212EC2 /* FindingOpponent.swift */; };
		A4BA7CA627E45ECE00212EC2 /* FriendMatchView.swift in Sources */ = {isa = PBXBuildFile; fileRef = A4BA7CA527E45ECE00212EC2 /* FriendMatchView.swift */; };
		A4BA7CA827E45EEA00212EC2 /* PlayingFriendView.swift in Sources */ = {isa = PBXBuildFile; fileRef = A4BA7CA727E45EEA00212EC2 /* PlayingFriendView.swift */; };
/* End PBXBuildFile section */

/* Begin PBXFileReference section */
		A4BA7C8527E45B9400212EC2 /* PickUp.app */ = {isa = PBXFileReference; explicitFileType = wrapper.application; includeInIndex = 0; path = PickUp.app; sourceTree = BUILT_PRODUCTS_DIR; };
		A4BA7C8827E45B9400212EC2 /* PickUpApp.swift */ = {isa = PBXFileReference; lastKnownFileType = sourcecode.swift; path = PickUpApp.swift; sourceTree = "<group>"; };
		A4BA7C8A27E45B9400212EC2 /* ContentView.swift */ = {isa = PBXFileReference; lastKnownFileType = sourcecode.swift; path = ContentView.swift; sourceTree = "<group>"; };
		A4BA7C8C27E45B9700212EC2 /* Assets.xcassets */ = {isa = PBXFileReference; lastKnownFileType = folder.assetcatalog; path = Assets.xcassets; sourceTree = "<group>"; };
		A4BA7C8F27E45B9700212EC2 /* Preview Assets.xcassets */ = {isa = PBXFileReference; lastKnownFileType = folder.assetcatalog; path = "Preview Assets.xcassets"; sourceTree = "<group>"; };
		A4BA7C9727E45DE700212EC2 /* LoginView.swift */ = {isa = PBXFileReference; lastKnownFileType = sourcecode.swift; path = LoginView.swift; sourceTree = "<group>"; };
		A4BA7C9927E45E0200212EC2 /* SignupView.swift */ = {isa = PBXFileReference; lastKnownFileType = sourcecode.swift; path = SignupView.swift; sourceTree = "<group>"; };
		A4BA7C9C27E45E3400212EC2 /* LeaderboardView.swift */ = {isa = PBXFileReference; lastKnownFileType = sourcecode.swift; path = LeaderboardView.swift; sourceTree = "<group>"; };
		A4BA7C9E27E45E5100212EC2 /* TabNavigationView.swift */ = {isa = PBXFileReference; lastKnownFileType = sourcecode.swift; path = TabNavigationView.swift; sourceTree = "<group>"; };
		A4BA7CA027E45E7500212EC2 /* UserTabView.swift */ = {isa = PBXFileReference; lastKnownFileType = sourcecode.swift; path = UserTabView.swift; sourceTree = "<group>"; };
		A4BA7CA327E45EAB00212EC2 /* FindingOpponent.swift */ = {isa = PBXFileReference; lastKnownFileType = sourcecode.swift; path = FindingOpponent.swift; sourceTree = "<group>"; };
		A4BA7CA527E45ECE00212EC2 /* FriendMatchView.swift */ = {isa = PBXFileReference; lastKnownFileType = sourcecode.swift; path = FriendMatchView.swift; sourceTree = "<group>"; };
		A4BA7CA727E45EEA00212EC2 /* PlayingFriendView.swift */ = {isa = PBXFileReference; lastKnownFileType = sourcecode.swift; path = PlayingFriendView.swift; sourceTree = "<group>"; };
/* End PBXFileReference section */

/* Begin PBXFrameworksBuildPhase section */
		A4BA7C8227E45B9400212EC2 /* Frameworks */ = {
			isa = PBXFrameworksBuildPhase;
			buildActionMask = 2147483647;
			files = (
			);
			runOnlyForDeploymentPostprocessing = 0;
		};
/* End PBXFrameworksBuildPhase section */

/* Begin PBXGroup section */
		A4BA7C7C27E45B9400212EC2 = {
			isa = PBXGroup;
			children = (
				A4BA7C8727E45B9400212EC2 /* PickUp */,
				A4BA7C8627E45B9400212EC2 /* Products */,
			);
			sourceTree = "<group>";
		};
		A4BA7C8627E45B9400212EC2 /* Products */ = {
			isa = PBXGroup;
			children = (
				A4BA7C8527E45B9400212EC2 /* PickUp.app */,
			);
			name = Products;
			sourceTree = "<group>";
		};
		A4BA7C8727E45B9400212EC2 /* PickUp */ = {
			isa = PBXGroup;
			children = (
				A4BA7C9627E45D8200212EC2 /* View */,
				A4BA7C8827E45B9400212EC2 /* PickUpApp.swift */,
				A4BA7C8A27E45B9400212EC2 /* ContentView.swift */,
				A4BA7C8C27E45B9700212EC2 /* Assets.xcassets */,
				A4BA7C8E27E45B9700212EC2 /* Preview Content */,
			);
			path = PickUp;
			sourceTree = "<group>";
		};
		A4BA7C8E27E45B9700212EC2 /* Preview Content */ = {
			isa = PBXGroup;
			children = (
				A4BA7C8F27E45B9700212EC2 /* Preview Assets.xcassets */,
			);
			path = "Preview Content";
			sourceTree = "<group>";
		};
		A4BA7C9627E45D8200212EC2 /* View */ = {
			isa = PBXGroup;
			children = (
				A4BA7C9B27E45E1600212EC2 /* TabView */,
				A4BA7C9727E45DE700212EC2 /* LoginView.swift */,
				A4BA7C9927E45E0200212EC2 /* SignupView.swift */,
			);
			path = View;
			sourceTree = "<group>";
		};
		A4BA7C9B27E45E1600212EC2 /* TabView */ = {
			isa = PBXGroup;
			children = (
				A4BA7CA227E45E8400212EC2 /* NestedView */,
				A4BA7C9C27E45E3400212EC2 /* LeaderboardView.swift */,
				A4BA7C9E27E45E5100212EC2 /* TabNavigationView.swift */,
				A4BA7CA027E45E7500212EC2 /* UserTabView.swift */,
			);
			path = TabView;
			sourceTree = "<group>";
		};
		A4BA7CA227E45E8400212EC2 /* NestedView */ = {
			isa = PBXGroup;
			children = (
				A4BA7CA327E45EAB00212EC2 /* FindingOpponent.swift */,
				A4BA7CA527E45ECE00212EC2 /* FriendMatchView.swift */,
				A4BA7CA727E45EEA00212EC2 /* PlayingFriendView.swift */,
			);
			path = NestedView;
			sourceTree = "<group>";
		};
/* End PBXGroup section */

/* Begin PBXNativeTarget section */
		A4BA7C8427E45B9400212EC2 /* PickUp */ = {
			isa = PBXNativeTarget;
			buildConfigurationList = A4BA7C9327E45B9700212EC2 /* Build configuration list for PBXNativeTarget "PickUp" */;
			buildPhases = (
				A4BA7C8127E45B9400212EC2 /* Sources */,
				A4BA7C8227E45B9400212EC2 /* Frameworks */,
				A4BA7C8327E45B9400212EC2 /* Resources */,
			);
			buildRules = (
			);
			dependencies = (
			);
			name = PickUp;
			productName = PickUp;
			productReference = A4BA7C8527E45B9400212EC2 /* PickUp.app */;
			productType = "com.apple.product-type.application";
		};
/* End PBXNativeTarget section */

/* Begin PBXProject section */
		A4BA7C7D27E45B9400212EC2 /* Project object */ = {
			isa = PBXProject;
			attributes = {
				BuildIndependentTargetsInParallel = 1;
				LastSwiftUpdateCheck = 1320;
				LastUpgradeCheck = 1320;
				TargetAttributes = {
					A4BA7C8427E45B9400212EC2 = {
						CreatedOnToolsVersion = 13.2.1;
					};
				};
			};
			buildConfigurationList = A4BA7C8027E45B9400212EC2 /* Build configuration list for PBXProject "PickUp" */;
			compatibilityVersion = "Xcode 13.0";
			developmentRegion = en;
			hasScannedForEncodings = 0;
			knownRegions = (
				en,
				Base,
			);
			mainGroup = A4BA7C7C27E45B9400212EC2;
			productRefGroup = A4BA7C8627E45B9400212EC2 /* Products */;
			projectDirPath = "";
			projectRoot = "";
			targets = (
				A4BA7C8427E45B9400212EC2 /* PickUp */,
			);
		};
/* End PBXProject section */

/* Begin PBXResourcesBuildPhase section */
		A4BA7C8327E45B9400212EC2 /* Resources */ = {
			isa = PBXResourcesBuildPhase;
			buildActionMask = 2147483647;
			files = (
				A4BA7C9027E45B9700212EC2 /* Preview Assets.xcassets in Resources */,
				A4BA7C8D27E45B9700212EC2 /* Assets.xcassets in Resources */,
			);
			runOnlyForDeploymentPostprocessing = 0;
		};
/* End PBXResourcesBuildPhase section */

/* Begin PBXSourcesBuildPhase section */
		A4BA7C8127E45B9400212EC2 /* Sources */ = {
			isa = PBXSourcesBuildPhase;
			buildActionMask = 2147483647;
			files = (
				A4BA7C9D27E45E3400212EC2 /* LeaderboardView.swift in Sources */,
				A4BA7C9A27E45E0200212EC2 /* SignupView.swift in Sources */,
				A4BA7CA427E45EAB00212EC2 /* FindingOpponent.swift in Sources */,
				A4BA7C9F27E45E5100212EC2 /* TabNavigationView.swift in Sources */,
				A4BA7CA627E45ECE00212EC2 /* FriendMatchView.swift in Sources */,
				A4BA7CA827E45EEA00212EC2 /* PlayingFriendView.swift in Sources */,
				A4BA7C9827E45DE700212EC2 /* LoginView.swift in Sources */,
				A4BA7CA127E45E7500212EC2 /* UserTabView.swift in Sources */,
				A4BA7C8B27E45B9400212EC2 /* ContentView.swift in Sources */,
				A4BA7C8927E45B9400212EC2 /* PickUpApp.swift in Sources */,
			);
			runOnlyForDeploymentPostprocessing = 0;
		};
/* End PBXSourcesBuildPhase section */

/* Begin XCBuildConfiguration section */
		A4BA7C9127E45B9700212EC2 /* Debug */ = {
			isa = XCBuildConfiguration;
			buildSettings = {
				ALWAYS_SEARCH_USER_PATHS = NO;
				CLANG_ANALYZER_NONNULL = YES;
				CLANG_ANALYZER_NUMBER_OBJECT_CONVERSION = YES_AGGRESSIVE;
				CLANG_CXX_LANGUAGE_STANDARD = "gnu++17";
				CLANG_CXX_LIBRARY = "libc++";
				CLANG_ENABLE_MODULES = YES;
				CLANG_ENABLE_OBJC_ARC = YES;
				CLANG_ENABLE_OBJC_WEAK = YES;
				CLANG_WARN_BLOCK_CAPTURE_AUTORELEASING = YES;
				CLANG_WARN_BOOL_CONVERSION = YES;
				CLANG_WARN_COMMA = YES;
				CLANG_WARN_CONSTANT_CONVERSION = YES;
				CLANG_WARN_DEPRECATED_OBJC_IMPLEMENTATIONS = YES;
				CLANG_WARN_DIRECT_OBJC_ISA_USAGE = YES_ERROR;
				CLANG_WARN_DOCUMENTATION_COMMENTS = YES;
				CLANG_WARN_EMPTY_BODY = YES;
				CLANG_WARN_ENUM_CONVERSION = YES;
				CLANG_WARN_INFINITE_RECURSION = YES;
				CLANG_WARN_INT_CONVERSION = YES;
				CLANG_WARN_NON_LITERAL_NULL_CONVERSION = YES;
				CLANG_WARN_OBJC_IMPLICIT_RETAIN_SELF = YES;
				CLANG_WARN_OBJC_LITERAL_CONVERSION = YES;
				CLANG_WARN_OBJC_ROOT_CLASS = YES_ERROR;
				CLANG_WARN_QUOTED_INCLUDE_IN_FRAMEWORK_HEADER = YES;
				CLANG_WARN_RANGE_LOOP_ANALYSIS = YES;
				CLANG_WARN_STRICT_PROTOTYPES = YES;
				CLANG_WARN_SUSPICIOUS_MOVE = YES;
				CLANG_WARN_UNGUARDED_AVAILABILITY = YES_AGGRESSIVE;
				CLANG_WARN_UNREACHABLE_CODE = YES;
				CLANG_WARN__DUPLICATE_METHOD_MATCH = YES;
				COPY_PHASE_STRIP = NO;
				DEBUG_INFORMATION_FORMAT = dwarf;
				ENABLE_STRICT_OBJC_MSGSEND = YES;
				ENABLE_TESTABILITY = YES;
				GCC_C_LANGUAGE_STANDARD = gnu11;
				GCC_DYNAMIC_NO_PIC = NO;
				GCC_NO_COMMON_BLOCKS = YES;
				GCC_OPTIMIZATION_LEVEL = 0;
				GCC_PREPROCESSOR_DEFINITIONS = (
					"DEBUG=1",
					"$(inherited)",
				);
				GCC_WARN_64_TO_32_BIT_CONVERSION = YES;
				GCC_WARN_ABOUT_RETURN_TYPE = YES_ERROR;
				GCC_WARN_UNDECLARED_SELECTOR = YES;
				GCC_WARN_UNINITIALIZED_AUTOS = YES_AGGRESSIVE;
				GCC_WARN_UNUSED_FUNCTION = YES;
				GCC_WARN_UNUSED_VARIABLE = YES;
				IPHONEOS_DEPLOYMENT_TARGET = 15.2;
				MTL_ENABLE_DEBUG_INFO = INCLUDE_SOURCE;
				MTL_FAST_MATH = YES;
				ONLY_ACTIVE_ARCH = YES;
				SDKROOT = iphoneos;
				SWIFT_ACTIVE_COMPILATION_CONDITIONS = DEBUG;
				SWIFT_OPTIMIZATION_LEVEL = "-Onone";
			};
			name = Debug;
		};
		A4BA7C9227E45B9700212EC2 /* Release */ = {
			isa = XCBuildConfiguration;
			buildSettings = {
				ALWAYS_SEARCH_USER_PATHS = NO;
				CLANG_ANALYZER_NONNULL = YES;
				CLANG_ANALYZER_NUMBER_OBJECT_CONVERSION = YES_AGGRESSIVE;
				CLANG_CXX_LANGUAGE_STANDARD = "gnu++17";
				CLANG_CXX_LIBRARY = "libc++";
				CLANG_ENABLE_MODULES = YES;
				CLANG_ENABLE_OBJC_ARC = YES;
				CLANG_ENABLE_OBJC_WEAK = YES;
				CLANG_WARN_BLOCK_CAPTURE_AUTORELEASING = YES;
				CLANG_WARN_BOOL_CONVERSION = YES;
				CLANG_WARN_COMMA = YES;
				CLANG_WARN_CONSTANT_CONVERSION = YES;
				CLANG_WARN_DEPRECATED_OBJC_IMPLEMENTATIONS = YES;
				CLANG_WARN_DIRECT_OBJC_ISA_USAGE = YES_ERROR;
				CLANG_WARN_DOCUMENTATION_COMMENTS = YES;
				CLANG_WARN_EMPTY_BODY = YES;
				CLANG_WARN_ENUM_CONVERSION = YES;
				CLANG_WARN_INFINITE_RECURSION = YES;
				CLANG_WARN_INT_CONVERSION = YES;
				CLANG_WARN_NON_LITERAL_NULL_CONVERSION = YES;
				CLANG_WARN_OBJC_IMPLICIT_RETAIN_SELF = YES;
				CLANG_WARN_OBJC_LITERAL_CONVERSION = YES;
				CLANG_WARN_OBJC_ROOT_CLASS = YES_ERROR;
				CLANG_WARN_QUOTED_INCLUDE_IN_FRAMEWORK_HEADER = YES;
				CLANG_WARN_RANGE_LOOP_ANALYSIS = YES;
				CLANG_WARN_STRICT_PROTOTYPES = YES;
				CLANG_WARN_SUSPICIOUS_MOVE = YES;
				CLANG_WARN_UNGUARDED_AVAILABILITY = YES_AGGRESSIVE;
				CLANG_WARN_UNREACHABLE_CODE = YES;
				CLANG_WARN__DUPLICATE_METHOD_MATCH = YES;
				COPY_PHASE_STRIP = NO;
				DEBUG_INFORMATION_FORMAT = "dwarf-with-dsym";
				ENABLE_NS_ASSERTIONS = NO;
				ENABLE_STRICT_OBJC_MSGSEND = YES;
				GCC_C_LANGUAGE_STANDARD = gnu11;
				GCC_NO_COMMON_BLOCKS = YES;
				GCC_WARN_64_TO_32_BIT_CONVERSION = YES;
				GCC_WARN_ABOUT_RETURN_TYPE = YES_ERROR;
				GCC_WARN_UNDECLARED_SELECTOR = YES;
				GCC_WARN_UNINITIALIZED_AUTOS = YES_AGGRESSIVE;
				GCC_WARN_UNUSED_FUNCTION = YES;
				GCC_WARN_UNUSED_VARIABLE = YES;
				IPHONEOS_DEPLOYMENT_TARGET = 15.2;
				MTL_ENABLE_DEBUG_INFO = NO;
				MTL_FAST_MATH = YES;
				SDKROOT = iphoneos;
				SWIFT_COMPILATION_MODE = wholemodule;
				SWIFT_OPTIMIZATION_LEVEL = "-O";
				VALIDATE_PRODUCT = YES;
			};
			name = Release;
		};
		A4BA7C9427E45B9700212EC2 /* Debug */ = {
			isa = XCBuildConfiguration;
			buildSettings = {
				ASSETCATALOG_COMPILER_APPICON_NAME = AppIcon;
				ASSETCATALOG_COMPILER_GLOBAL_ACCENT_COLOR_NAME = AccentColor;
				CODE_SIGN_STYLE = Automatic;
				CURRENT_PROJECT_VERSION = 1;
				DEVELOPMENT_ASSET_PATHS = "\"PickUp/Preview Content\"";
				DEVELOPMENT_TEAM = AK2WT6GG67;
				ENABLE_PREVIEWS = YES;
				GENERATE_INFOPLIST_FILE = YES;
				INFOPLIST_KEY_UIApplicationSceneManifest_Generation = YES;
				INFOPLIST_KEY_UIApplicationSupportsIndirectInputEvents = YES;
				INFOPLIST_KEY_UILaunchScreen_Generation = YES;
				INFOPLIST_KEY_UISupportedInterfaceOrientations_iPad = "UIInterfaceOrientationPortrait UIInterfaceOrientationPortraitUpsideDown UIInterfaceOrientationLandscapeLeft UIInterfaceOrientationLandscapeRight";
				INFOPLIST_KEY_UISupportedInterfaceOrientations_iPhone = "UIInterfaceOrientationPortrait UIInterfaceOrientationLandscapeLeft UIInterfaceOrientationLandscapeRight";
				LD_RUNPATH_SEARCH_PATHS = (
					"$(inherited)",
					"@executable_path/Frameworks",
				);
				MARKETING_VERSION = 1.0;
				PRODUCT_BUNDLE_IDENTIFIER = "iggi-jimenez.PickUp";
				PRODUCT_NAME = "$(TARGET_NAME)";
				SWIFT_EMIT_LOC_STRINGS = YES;
				SWIFT_VERSION = 5.0;
				TARGETED_DEVICE_FAMILY = "1,2";
			};
			name = Debug;
		};
		A4BA7C9527E45B9700212EC2 /* Release */ = {
			isa = XCBuildConfiguration;
			buildSettings = {
				ASSETCATALOG_COMPILER_APPICON_NAME = AppIcon;
				ASSETCATALOG_COMPILER_GLOBAL_ACCENT_COLOR_NAME = AccentColor;
				CODE_SIGN_STYLE = Automatic;
				CURRENT_PROJECT_VERSION = 1;
				DEVELOPMENT_ASSET_PATHS = "\"PickUp/Preview Content\"";
				DEVELOPMENT_TEAM = AK2WT6GG67;
				ENABLE_PREVIEWS = YES;
				GENERATE_INFOPLIST_FILE = YES;
				INFOPLIST_KEY_UIApplicationSceneManifest_Generation = YES;
				INFOPLIST_KEY_UIApplicationSupportsIndirectInputEvents = YES;
				INFOPLIST_KEY_UILaunchScreen_Generation = YES;
				INFOPLIST_KEY_UISupportedInterfaceOrientations_iPad = "UIInterfaceOrientationPortrait UIInterfaceOrientationPortraitUpsideDown UIInterfaceOrientationLandscapeLeft UIInterfaceOrientationLandscapeRight";
				INFOPLIST_KEY_UISupportedInterfaceOrientations_iPhone = "UIInterfaceOrientationPortrait UIInterfaceOrientationLandscapeLeft UIInterfaceOrientationLandscapeRight";
				LD_RUNPATH_SEARCH_PATHS = (
					"$(inherited)",
					"@executable_path/Frameworks",
				);
				MARKETING_VERSION = 1.0;
				PRODUCT_BUNDLE_IDENTIFIER = "iggi-jimenez.PickUp";
				PRODUCT_NAME = "$(TARGET_NAME)";
				SWIFT_EMIT_LOC_STRINGS = YES;
				SWIFT_VERSION = 5.0;
				TARGETED_DEVICE_FAMILY = "1,2";
			};
			name = Release;
		};
/* End XCBuildConfiguration section */

/* Begin XCConfigurationList section */
		A4BA7C8027E45B9400212EC2 /* Build configuration list for PBXProject "PickUp" */ = {
			isa = XCConfigurationList;
			buildConfigurations = (
				A4BA7C9127E45B9700212EC2 /* Debug */,
				A4BA7C9227E45B9700212EC2 /* Release */,
			);
			defaultConfigurationIsVisible = 0;
			defaultConfigurationName = Release;
		};
		A4BA7C9327E45B9700212EC2 /* Build configuration list for PBXNativeTarget "PickUp" */ = {
			isa = XCConfigurationList;
			buildConfigurations = (
				A4BA7C9427E45B9700212EC2 /* Debug */,
				A4BA7C9527E45B9700212EC2 /* Release */,
			);
			defaultConfigurationIsVisible = 0;
			defaultConfigurationName = Release;
		};
/* End XCConfigurationList section */
	};
	rootObject = A4BA7C7D27E45B9400212EC2 /* Project object */;
}
